#MicroXplorer Configuration settings - do not modify
CAD.formats=
CAD.pinconfig=
CAD.provider=
File.Version=6
GPIO.groupedBy=Group By Peripherals
KeepUserPlacement=false
Mcu.CPN=STM32F103ZGT6
Mcu.Family=STM32F1
Mcu.IP0=NVIC
Mcu.IP1=RCC
Mcu.IP2=SYS
Mcu.IP3=USART1
Mcu.IPNb=4
Mcu.Name=STM32F103Z(F-G)Tx
Mcu.Package=LQFP144
Mcu.Pin0=PE2
Mcu.Pin1=PE3
Mcu.Pin10=PF4
Mcu.Pin11=PF5
Mcu.Pin12=PF6
Mcu.Pin13=PF7
Mcu.Pin14=PF8
Mcu.Pin15=PF9
Mcu.Pin16=PF10
Mcu.Pin17=OSC_IN
Mcu.Pin18=OSC_OUT
Mcu.Pin19=PC0
Mcu.Pin2=PE4
Mcu.Pin20=PC1
Mcu.Pin21=PC2
Mcu.Pin22=PC3
Mcu.Pin23=PA0-WKUP
Mcu.Pin24=PA1
Mcu.Pin25=PA4
Mcu.Pin26=PA5
Mcu.Pin27=PA6
Mcu.Pin28=PA7
Mcu.Pin29=PC4
Mcu.Pin3=PE5
Mcu.Pin30=PC5
Mcu.Pin31=PB0
Mcu.Pin32=PB1
Mcu.Pin33=PF11
Mcu.Pin34=PG1
Mcu.Pin35=PE7
Mcu.Pin36=PE8
Mcu.Pin37=PE10
Mcu.Pin38=PE11
Mcu.Pin39=PE13
Mcu.Pin4=PE6
Mcu.Pin40=PB10
Mcu.Pin41=PB11
Mcu.Pin42=PB12
Mcu.Pin43=PB14
Mcu.Pin44=PB15
Mcu.Pin45=PD8
Mcu.Pin46=PD9
Mcu.Pin47=PD10
Mcu.Pin48=PD11
Mcu.Pin49=PD12
Mcu.Pin5=PC13-TAMPER-RTC
Mcu.Pin50=PD13
Mcu.Pin51=PD15
Mcu.Pin52=PG2
Mcu.Pin53=PG3
Mcu.Pin54=PG5
Mcu.Pin55=PG6
Mcu.Pin56=PC6
Mcu.Pin57=PC7
Mcu.Pin58=PC8
Mcu.Pin59=PA8
Mcu.Pin6=PF0
Mcu.Pin60=PA9
Mcu.Pin61=PA10
Mcu.Pin62=PA13
Mcu.Pin63=PA14
Mcu.Pin64=PA15
Mcu.Pin65=PC12
Mcu.Pin66=PD0
Mcu.Pin67=PD1
Mcu.Pin68=PD2
Mcu.Pin69=PD6
Mcu.Pin7=PF1
Mcu.Pin70=PD7
Mcu.Pin71=PG9
Mcu.Pin72=PG10
Mcu.Pin73=PG11
Mcu.Pin74=PG12
Mcu.Pin75=PG13
Mcu.Pin76=PG14
Mcu.Pin77=PG15
Mcu.Pin78=PB3
Mcu.Pin79=PB4
Mcu.Pin8=PF2
Mcu.Pin80=PB6
Mcu.Pin81=PB7
Mcu.Pin82=PB8
Mcu.Pin83=PB9
Mcu.Pin84=PE0
Mcu.Pin85=PE1
Mcu.Pin86=VP_SYS_VS_Systick
Mcu.Pin9=PF3
Mcu.PinsNb=87
Mcu.ThirdPartyNb=0
Mcu.UserConstants=
Mcu.UserName=STM32F103ZGTx
MxCube.Version=6.15.0
MxDb.Version=DB.6.0.150
NVIC.BusFault_IRQn=true\:0\:0\:false\:false\:true\:false\:false\:false
NVIC.DebugMonitor_IRQn=true\:0\:0\:false\:false\:true\:false\:false\:false
NVIC.ForceEnableDMAVector=true
NVIC.HardFault_IRQn=true\:0\:0\:false\:false\:true\:false\:false\:false
NVIC.MemoryManagement_IRQn=true\:0\:0\:false\:false\:true\:false\:false\:false
NVIC.NonMaskableInt_IRQn=true\:0\:0\:false\:false\:true\:false\:false\:false
NVIC.PendSV_IRQn=true\:0\:0\:false\:false\:true\:false\:false\:false
NVIC.PriorityGroup=NVIC_PRIORITYGROUP_4
NVIC.SVCall_IRQn=true\:0\:0\:false\:false\:true\:false\:false\:false
NVIC.SysTick_IRQn=true\:15\:0\:false\:false\:true\:false\:true\:false
NVIC.UsageFault_IRQn=true\:0\:0\:false\:false\:true\:false\:false\:false
OSC_IN.Locked=true
OSC_IN.Mode=HSE-External-Oscillator
OSC_IN.Signal=RCC_OSC_IN
OSC_OUT.Locked=true
OSC_OUT.Mode=HSE-External-Oscillator
OSC_OUT.Signal=RCC_OSC_OUT
PA0-WKUP.GPIOParameters=GPIO_PuPd
PA0-WKUP.GPIO_PuPd=GPIO_PULLUP
PA0-WKUP.Locked=true
PA0-WKUP.Signal=GPIO_Input
PA1.Locked=true
PA1.Signal=GPIO_Output
PA10.Locked=true
PA10.Mode=Asynchronous
PA10.Signal=USART1_RX
PA13.Mode=Serial_Wire
PA13.Signal=SYS_JTMS-SWDIO
PA14.Mode=Serial_Wire
PA14.Signal=SYS_JTCK-SWCLK
PA15.Locked=true
PA15.Signal=GPIO_Output
PA4.Locked=true
PA4.Signal=GPIO_Output
PA5.Locked=true
PA5.Signal=SPI1_SCK
PA6.Locked=true
PA6.Signal=SPI1_MISO
PA7.Locked=true
PA7.Signal=SPI1_MOSI
PA8.Locked=true
PA8.Signal=GPIO_Output
PA9.Locked=true
PA9.Mode=Asynchronous
PA9.Signal=USART1_TX
PB0.Locked=true
PB0.Signal=GPIO_Output
PB1.Locked=true
PB1.Signal=GPIO_Output
PB10.Locked=true
PB10.Signal=I2C2_SCL
PB11.Locked=true
PB11.Signal=I2C2_SDA
PB12.GPIOParameters=GPIO_PuPd
PB12.GPIO_PuPd=GPIO_PULLDOWN
PB12.Locked=true
PB12.Signal=GPIO_Output
PB14.Locked=true
PB14.Signal=GPIO_Input
PB15.Locked=true
PB15.Signal=GPIO_Output
PB3.GPIOParameters=GPIO_PuPd
PB3.GPIO_PuPd=GPIO_PULLUP
PB3.Locked=true
PB3.Signal=GPIO_Input
PB4.Locked=true
PB4.Signal=GPIO_Output
PB6.Locked=true
PB6.Signal=I2C1_SCL
PB7.Locked=true
PB7.Signal=I2C1_SDA
PB8.Locked=true
PB8.Signal=CAN_RX
PB9.Locked=true
PB9.Signal=CAN_TX
PC0.Locked=true
PC0.Signal=GPIO_Input
PC1.Locked=true
PC1.Signal=GPIO_Output
PC12.GPIOParameters=GPIO_PuPd
PC12.GPIO_PuPd=GPIO_PULLDOWN
PC12.Locked=true
PC12.Signal=GPIO_Output
PC13-TAMPER-RTC.Locked=true
PC13-TAMPER-RTC.Signal=GPIO_Output
PC2.Locked=true
PC2.Signal=GPIO_Output
PC3.Locked=true
PC3.Signal=GPIO_Output
PC4.GPIOParameters=GPIO_PuPd
PC4.GPIO_PuPd=GPIO_PULLUP
PC4.Locked=true
PC4.Signal=GPIO_Input
PC5.Locked=true
PC5.Signal=GPIO_Output
PC6.Locked=true
PC6.Signal=GPIO_Output
PC7.Locked=true
PC7.Signal=GPIO_Input
PC8.Locked=true
PC8.Signal=GPIO_Output
PD0.GPIOParameters=GPIO_PuPd
PD0.GPIO_PuPd=GPIO_PULLDOWN
PD0.Locked=true
PD0.Signal=GPIO_Output
PD1.Locked=true
PD1.Signal=GPIO_Input
PD10.GPIOParameters=GPIO_PuPd
PD10.GPIO_PuPd=GPIO_PULLDOWN
PD10.Locked=true
PD10.Signal=GPIO_Output
PD11.Locked=true
PD11.Signal=GPIO_Input
PD12.GPIOParameters=GPIO_PuPd
PD12.GPIO_PuPd=GPIO_PULLDOWN
PD12.Locked=true
PD12.Signal=GPIO_Output
PD13.Locked=true
PD13.Signal=GPIO_Input
PD15.Locked=true
PD15.Signal=GPIO_Output
PD2.Locked=true
PD2.Signal=GPIO_Output
PD6.GPIOParameters=GPIO_PuPd
PD6.GPIO_PuPd=GPIO_PULLUP
PD6.Locked=true
PD6.Signal=GPIO_Input
PD7.Locked=true
PD7.Signal=GPIO_Input
PD8.GPIOParameters=GPIO_Speed,PinState,GPIO_PuPd,GPIO_ModeDefaultOutputPP
PD8.GPIO_ModeDefaultOutputPP=GPIO_MODE_OUTPUT_OD
PD8.GPIO_PuPd=GPIO_PULLUP
PD8.GPIO_Speed=GPIO_SPEED_FREQ_HIGH
PD8.Locked=true
PD8.PinState=GPIO_PIN_SET
PD8.Signal=GPIO_Output
PD9.Locked=true
PD9.Signal=GPIO_Input
PE0.GPIOParameters=GPIO_PuPd
PE0.GPIO_PuPd=GPIO_PULLUP
PE0.Locked=true
PE0.Signal=GPIO_Input
PE1.Locked=true
PE1.Signal=GPIO_Output
PE10.GPIOParameters=GPIO_PuPd
PE10.GPIO_PuPd=GPIO_PULLDOWN
PE10.Locked=true
PE10.Signal=GPIO_Output
PE11.GPIOParameters=GPIO_PuPd
PE11.GPIO_PuPd=GPIO_PULLDOWN
PE11.Locked=true
PE11.Signal=GPIO_Output
PE13.Locked=true
PE13.Signal=GPIO_Input
PE2.Locked=true
PE2.Signal=GPIO_Input
PE3.Locked=true
PE3.Signal=GPIO_Input
PE4.GPIOParameters=GPIO_PuPd
PE4.GPIO_PuPd=GPIO_PULLUP
PE4.Locked=true
PE4.Signal=GPIO_Input
PE5.Locked=true
PE5.Signal=GPIO_Output
PE6.GPIOParameters=GPIO_PuPd
PE6.GPIO_PuPd=GPIO_PULLUP
PE6.Locked=true
PE6.Signal=GPXTI6
PE7.Locked=true
PE7.Signal=GPIO_Output
PE8.GPIOParameters=GPIO_PuPd,GPIO_ModeDefaultOutputPP
PE8.GPIO_ModeDefaultOutputPP=GPIO_MODE_OUTPUT_PP
PE8.GPIO_PuPd=GPIO_PULLDOWN
PE8.Locked=true
PE8.Signal=GPIO_Output
PF0.Locked=true
PF0.Signal=GPIO_Output
PF1.GPIOParameters=GPIO_PuPd
PF1.GPIO_PuPd=GPIO_PULLUP
PF1.Locked=true
PF1.Signal=GPIO_Input
PF10.GPIOParameters=GPIO_PuPd
PF10.GPIO_PuPd=GPIO_PULLDOWN
PF10.Locked=true
PF10.Signal=GPIO_Output
PF11.GPIOParameters=GPIO_PuPd
PF11.GPIO_PuPd=GPIO_PULLUP
PF11.Locked=true
PF11.Signal=GPIO_Input
PF2.Locked=true
PF2.Signal=GPIO_Output
PF3.Locked=true
PF3.Signal=GPIO_Output
PF4.Locked=true
PF4.Signal=GPIO_Output
PF5.GPIOParameters=GPIO_PuPd
PF5.GPIO_PuPd=GPIO_PULLDOWN
PF5.Locked=true
PF5.Signal=GPIO_Output
PF6.GPIOParameters=GPIO_Speed,PinState,GPIO_PuPd,GPIO_ModeDefaultOutputPP
PF6.GPIO_ModeDefaultOutputPP=GPIO_MODE_OUTPUT_OD
PF6.GPIO_PuPd=GPIO_PULLUP
PF6.GPIO_Speed=GPIO_SPEED_FREQ_HIGH
PF6.Locked=true
PF6.PinState=GPIO_PIN_SET
PF6.Signal=GPIO_Output
PF7.GPIOParameters=GPIO_PuPd
PF7.GPIO_PuPd=GPIO_PULLDOWN
PF7.Locked=true
PF7.Signal=GPIO_Output
PF8.Locked=true
PF8.Signal=GPIO_Input
PF9.GPIOParameters=GPIO_PuPd
PF9.GPIO_PuPd=GPIO_PULLDOWN
PF9.Locked=true
PF9.Signal=GPIO_Output
PG1.Locked=true
PG1.Signal=GPIO_Output
PG10.Locked=true
PG10.Signal=GPIO_Input
PG11.Locked=true
PG11.Signal=GPIO_Input
PG12.Locked=true
PG12.Signal=GPIO_Input
PG13.GPIOParameters=GPIO_PuPd
PG13.GPIO_PuPd=GPIO_PULLUP
PG13.Locked=true
PG13.Signal=GPIO_Input
PG14.Locked=true
PG14.Signal=GPIO_Input
PG15.Locked=true
PG15.Signal=GPIO_Output
PG2.GPIOParameters=GPIO_PuPd
PG2.GPIO_PuPd=GPIO_PULLDOWN
PG2.Locked=true
PG2.Signal=GPIO_Output
PG3.GPIOParameters=GPIO_PuPd
PG3.GPIO_PuPd=GPIO_PULLUP
PG3.Locked=true
PG3.Signal=GPIO_Input
PG5.Locked=true
PG5.Signal=GPIO_Output
PG6.Locked=true
PG6.Signal=GPIO_Input
PG9.Locked=true
PG9.Signal=GPIO_Input
PinOutPanel.RotationAngle=0
ProjectManager.AskForMigrate=true
ProjectManager.BackupPrevious=false
ProjectManager.CompilerLinker=GCC
ProjectManager.CompilerOptimize=6
ProjectManager.ComputerToolchain=false
ProjectManager.CoupleFile=false
ProjectManager.CustomerFirmwarePackage=
ProjectManager.DefaultFWLocation=true
ProjectManager.DeletePrevious=true
ProjectManager.DeviceId=STM32F103ZGTx
ProjectManager.FirmwarePackage=STM32Cube FW_F1 V1.8.6
ProjectManager.FreePins=false
ProjectManager.HalAssertFull=false
ProjectManager.HeapSize=0x200
ProjectManager.KeepUserCode=true
ProjectManager.LastFirmware=true
ProjectManager.LibraryCopy=0
ProjectManager.MainLocation=Core/Src
ProjectManager.NoMain=false
ProjectManager.PreviousToolchain=
ProjectManager.ProjectBuild=false
ProjectManager.ProjectFileName=br9008-f19-bootloader.ioc
ProjectManager.ProjectName=br9008-f19-bootloader
ProjectManager.ProjectStructure=
ProjectManager.RegisterCallBack=
ProjectManager.StackSize=0x400
ProjectManager.TargetToolchain=MDK-ARM V5.32
ProjectManager.ToolChainLocation=
ProjectManager.UAScriptAfterPath=
ProjectManager.UAScriptBeforePath=
ProjectManager.UnderRoot=false
ProjectManager.functionlistsort=1-SystemClock_Config-RCC-false-HAL-false,2-MX_GPIO_Init-GPIO-false-HAL-true,3-MX_USART1_UART_Init-USART1-false-HAL-true
RCC.ADCFreqValue=36000000
RCC.AHBFreq_Value=72000000
RCC.APB1CLKDivider=RCC_HCLK_DIV2
RCC.APB1Freq_Value=36000000
RCC.APB1TimFreq_Value=72000000
RCC.APB2Freq_Value=72000000
RCC.APB2TimFreq_Value=72000000
RCC.FCLKCortexFreq_Value=72000000
RCC.FSMCFreq_Value=72000000
RCC.FamilyName=M
RCC.HCLKFreq_Value=72000000
RCC.I2S2Freq_Value=72000000
RCC.I2S3Freq_Value=72000000
RCC.IPParameters=ADCFreqValue,AHBFreq_Value,APB1CLKDivider,APB1Freq_Value,APB1TimFreq_Value,APB2Freq_Value,APB2TimFreq_Value,FCLKCortexFreq_Value,FSMCFreq_Value,FamilyName,HCLKFreq_Value,I2S2Freq_Value,I2S3Freq_Value,MCOFreq_Value,PLLCLKFreq_Value,PLLMCOFreq_Value,PLLMUL,PLLSourceVirtual,RTCClockSelection,RTCFreq_Value,SDIOFreq_Value,SDIOHCLKDiv2FreqValue,SYSCLKFreq_VALUE,SYSCLKSource,TimSysFreq_Value,USBFreq_Value,USBPrescaler,VCOOutput2Freq_Value
RCC.MCOFreq_Value=72000000
RCC.PLLCLKFreq_Value=72000000
RCC.PLLMCOFreq_Value=36000000
RCC.PLLMUL=RCC_PLL_MUL9
RCC.PLLSourceVirtual=RCC_PLLSOURCE_HSE
RCC.RTCClockSelection=RCC_RTCCLKSOURCE_LSE
RCC.RTCFreq_Value=32768
RCC.SDIOFreq_Value=72000000
RCC.SDIOHCLKDiv2FreqValue=36000000
RCC.SYSCLKFreq_VALUE=72000000
RCC.SYSCLKSource=RCC_SYSCLKSOURCE_PLLCLK
RCC.TimSysFreq_Value=72000000
RCC.USBFreq_Value=48000000
RCC.USBPrescaler=RCC_USBCLKSOURCE_PLL_DIV1_5
RCC.VCOOutput2Freq_Value=8000000
SH.GPXTI6.0=GPIO_EXTI6
SH.GPXTI6.ConfNb=1
USART1.IPParameters=VirtualMode
USART1.VirtualMode=VM_ASYNC
VP_SYS_VS_Systick.Mode=SysTick
VP_SYS_VS_Systick.Signal=SYS_VS_Systick
board=custom
